
Microsoft Visual Studio Solution File, Format Version 12.00
# Visual Studio 15
VisualStudioVersion = 15.0.28307.329
MinimumVisualStudioVersion = 10.0.40219.1
Project("{FAE04EC0-301F-11D3-BF4B-00C04F79EFBC}") = "TechnicalSkillsDemo", "TechnicalSkillsDemo\TechnicalSkillsDemo.csproj", "{6543426A-E4F0-453F-9BB1-64E181F586C0}"
EndProject
Project("{FAE04EC0-301F-11D3-BF4B-00C04F79EFBC}") = "TechnicalSkillsDemoTests", "TechnicalSkillsDemoTests\TechnicalSkillsDemoTests.csproj", "{7363ADB6-3749-424E-85FA-FF45222D98E5}"
EndProject
Global
	GlobalSection(SolutionConfigurationPlatforms) = preSolution
		Debug|Any CPU = Debug|Any CPU
		Release|Any CPU = Release|Any CPU
	EndGlobalSection
	GlobalSection(ProjectConfigurationPlatforms) = postSolution
		{6543426A-E4F0-453F-9BB1-64E181F586C0}.Debug|Any CPU.ActiveCfg = Debug|Any CPU
		{6543426A-E4F0-453F-9BB1-64E181F586C0}.Debug|Any CPU.Build.0 = Debug|Any CPU
		{6543426A-E4F0-453F-9BB1-64E181F586C0}.Release|Any CPU.ActiveCfg = Release|Any CPU
		{6543426A-E4F0-453F-9BB1-64E181F586C0}.Release|Any CPU.Build.0 = Release|Any CPU
		{7363ADB6-3749-424E-85FA-FF45222D98E5}.Debug|Any CPU.ActiveCfg = Debug|Any CPU
		{7363ADB6-3749-424E-85FA-FF45222D98E5}.Debug|Any CPU.Build.0 = Debug|Any CPU
		{7363ADB6-3749-424E-85FA-FF45222D98E5}.Release|Any CPU.ActiveCfg = Release|Any CPU
		{7363ADB6-3749-424E-85FA-FF45222D98E5}.Release|Any CPU.Build.0 = Release|Any CPU
	EndGlobalSection
	GlobalSection(SolutionProperties) = preSolution
		HideSolutionNode = FALSE
	EndGlobalSection
	GlobalSection(ExtensibilityGlobals) = postSolution
		SolutionGuid = {DDB7A07F-F4E2-43FD-AB69-EDDDB9482927}
	EndGlobalSection
EndGlobal
